
Microsoft Visual Studio Solution File, Format Version 12.00
# Visual Studio 15
VisualStudioVersion = 15.0.28307.539
MinimumVisualStudioVersion = 10.0.40219.1
Project("{FAE04EC0-301F-11D3-BF4B-00C04F79EFBC}") = "MVC", "MVC\MVC.csproj", "{83561136-D607-4A5B-A973-60C0B4C95AEA}"
EndProject
Project("{9A19103F-16F7-4668-BE54-9A1E7A4F7556}") = "WebApi", "WebApi\WebApi.csproj", "{70E636E3-7DB3-4369-8E3F-F4C04B026EAD}"
EndProject
Project("{9A19103F-16F7-4668-BE54-9A1E7A4F7556}") = "Core", "Core\Core.csproj", "{1AF0328F-123F-4C8F-AD57-3EB05D448E9E}"
EndProject
Project("{FAE04EC0-301F-11D3-BF4B-00C04F79EFBC}") = "Shared.Dal", "Shared.Dal\Shared.Dal.csproj", "{00F63B28-7837-424B-B6D5-3D10331C24D6}"
EndProject
Project("{FAE04EC0-301F-11D3-BF4B-00C04F79EFBC}") = "Shared.Bll", "Shared.Bll\Shared.Bll.csproj", "{E494C948-1A86-45F8-BCFD-DB3FA95CBA57}"
EndProject
Project("{FAE04EC0-301F-11D3-BF4B-00C04F79EFBC}") = "Entities", "Entities\Entities.csproj", "{9C659DD9-25DB-416C-97B4-2D6A8F39EBBE}"
EndProject
Global
	GlobalSection(SolutionConfigurationPlatforms) = preSolution
		Debug|Any CPU = Debug|Any CPU
		Release|Any CPU = Release|Any CPU
	EndGlobalSection
	GlobalSection(ProjectConfigurationPlatforms) = postSolution
		{83561136-D607-4A5B-A973-60C0B4C95AEA}.Debug|Any CPU.ActiveCfg = Debug|Any CPU
		{83561136-D607-4A5B-A973-60C0B4C95AEA}.Debug|Any CPU.Build.0 = Debug|Any CPU
		{83561136-D607-4A5B-A973-60C0B4C95AEA}.Release|Any CPU.ActiveCfg = Release|Any CPU
		{83561136-D607-4A5B-A973-60C0B4C95AEA}.Release|Any CPU.Build.0 = Release|Any CPU
		{70E636E3-7DB3-4369-8E3F-F4C04B026EAD}.Debug|Any CPU.ActiveCfg = Debug|Any CPU
		{70E636E3-7DB3-4369-8E3F-F4C04B026EAD}.Debug|Any CPU.Build.0 = Debug|Any CPU
		{70E636E3-7DB3-4369-8E3F-F4C04B026EAD}.Release|Any CPU.ActiveCfg = Release|Any CPU
		{70E636E3-7DB3-4369-8E3F-F4C04B026EAD}.Release|Any CPU.Build.0 = Release|Any CPU
		{1AF0328F-123F-4C8F-AD57-3EB05D448E9E}.Debug|Any CPU.ActiveCfg = Debug|Any CPU
		{1AF0328F-123F-4C8F-AD57-3EB05D448E9E}.Debug|Any CPU.Build.0 = Debug|Any CPU
		{1AF0328F-123F-4C8F-AD57-3EB05D448E9E}.Release|Any CPU.ActiveCfg = Release|Any CPU
		{1AF0328F-123F-4C8F-AD57-3EB05D448E9E}.Release|Any CPU.Build.0 = Release|Any CPU
		{00F63B28-7837-424B-B6D5-3D10331C24D6}.Debug|Any CPU.ActiveCfg = Debug|Any CPU
		{00F63B28-7837-424B-B6D5-3D10331C24D6}.Debug|Any CPU.Build.0 = Debug|Any CPU
		{00F63B28-7837-424B-B6D5-3D10331C24D6}.Release|Any CPU.ActiveCfg = Release|Any CPU
		{00F63B28-7837-424B-B6D5-3D10331C24D6}.Release|Any CPU.Build.0 = Release|Any CPU
		{E494C948-1A86-45F8-BCFD-DB3FA95CBA57}.Debug|Any CPU.ActiveCfg = Debug|Any CPU
		{E494C948-1A86-45F8-BCFD-DB3FA95CBA57}.Debug|Any CPU.Build.0 = Debug|Any CPU
		{E494C948-1A86-45F8-BCFD-DB3FA95CBA57}.Release|Any CPU.ActiveCfg = Release|Any CPU
		{E494C948-1A86-45F8-BCFD-DB3FA95CBA57}.Release|Any CPU.Build.0 = Release|Any CPU
		{9C659DD9-25DB-416C-97B4-2D6A8F39EBBE}.Debug|Any CPU.ActiveCfg = Debug|Any CPU
		{9C659DD9-25DB-416C-97B4-2D6A8F39EBBE}.Debug|Any CPU.Build.0 = Debug|Any CPU
		{9C659DD9-25DB-416C-97B4-2D6A8F39EBBE}.Release|Any CPU.ActiveCfg = Release|Any CPU
		{9C659DD9-25DB-416C-97B4-2D6A8F39EBBE}.Release|Any CPU.Build.0 = Release|Any CPU
	EndGlobalSection
	GlobalSection(SolutionProperties) = preSolution
		HideSolutionNode = FALSE
	EndGlobalSection
	GlobalSection(ExtensibilityGlobals) = postSolution
		SolutionGuid = {D2A51788-5375-467C-B8C3-A63AB0AD82A0}
	EndGlobalSection
EndGlobal
